{
  "name": "aas-bike-showcase",
  "lockfileVersion": 3,
  "requires": true,
  "packages": {
    "": {
      "dependencies": {
        "@primeuix/themes": "^1.2.3"
      }
    },
    "node_modules/@primeuix/styled": {
      "version": "0.7.2",
      "resolved": "https://registry.npmjs.org/@primeuix/styled/-/styled-0.7.2.tgz",
      "integrity": "sha512-tIJ6byZezTYZ9YUICNSidQHOIQOQL3zeUgjwiX0JnBTK3+WCvy4DyCBcrJ94RtiX0WGFZSYNvaGaFkTo4jU8FQ==",
      "license": "MIT",
      "dependencies": {
        "@primeuix/utils": "^0.6.1"
      },
      "engines": {
        "node": ">=12.11.0"
      }
    },
    "node_modules/@primeuix/themes": {
      "version": "1.2.3",
      "resolved": "https://registry.npmjs.org/@primeuix/themes/-/themes-1.2.3.tgz",
      "integrity": "sha512-GLAU2h6lhgln2w10EQalUQlgwbgQ0xZoIOLMNGfIvqU4O09L282P7rwKCKQksvAGAFt1GoO/Q1NgBSxnttr7iA==",
      "license": "MIT",
      "dependencies": {
        "@primeuix/styled": "^0.7.2"
      }
    },
    "node_modules/@primeuix/utils": {
      "version": "0.6.1",
      "resolved": "https://registry.npmjs.org/@primeuix/utils/-/utils-0.6.1.tgz",
      "integrity": "sha512-tQL/ZOPgCdD+NTimlUmhyD0ey8J1XmpZE4hDHM+/fnuBicVVmlKOd5HpS748LcOVRUKbWjmEPdHX4hi5XZoC1Q==",
      "license": "MIT",
      "engines": {
        "node": ">=12.11.0"
      }
    }
  }
}
